
Microsoft Visual Studio Solution File, Format Version 12.00
# Visual Studio Version 16
VisualStudioVersion = 16.0.32901.82
MinimumVisualStudioVersion = 10.0.40219.1
Project("{9A19103F-16F7-4668-BE54-9A1E7A4F7556}") = "gavilanch2-Programando-en-CSharp", "gavilanch2-Programando-en-CSharp\gavilanch2-Programando-en-CSharp.csproj", "{EE68987A-E09B-4663-8942-1E7A8BF3EFD3}"
EndProject
Global
	GlobalSection(SolutionConfigurationPlatforms) = preSolution
		Debug|Any CPU = Debug|Any CPU
		Release|Any CPU = Release|Any CPU
	EndGlobalSection
	GlobalSection(ProjectConfigurationPlatforms) = postSolution
		{EE68987A-E09B-4663-8942-1E7A8BF3EFD3}.Debug|Any CPU.ActiveCfg = Debug|Any CPU
		{EE68987A-E09B-4663-8942-1E7A8BF3EFD3}.Debug|Any CPU.Build.0 = Debug|Any CPU
		{EE68987A-E09B-4663-8942-1E7A8BF3EFD3}.Release|Any CPU.ActiveCfg = Release|Any CPU
		{EE68987A-E09B-4663-8942-1E7A8BF3EFD3}.Release|Any CPU.Build.0 = Release|Any CPU
	EndGlobalSection
	GlobalSection(SolutionProperties) = preSolution
		HideSolutionNode = FALSE
	EndGlobalSection
	GlobalSection(ExtensibilityGlobals) = postSolution
		SolutionGuid = {0EFCAD68-8354-40C9-8BB1-BBD7B98538F6}
	EndGlobalSection
EndGlobal
